
Microsoft Visual Studio Solution File, Format Version 12.00
# Visual Studio Version 16
VisualStudioVersion = 16.0.32126.315
MinimumVisualStudioVersion = 10.0.40219.1
Project("{FAE04EC0-301F-11D3-BF4B-00C04F79EFBC}") = "DSA", "DSA\DSA.csproj", "{D9ACF2DA-19EF-4D0C-8E42-88370AD06D4C}"
EndProject
Global
	GlobalSection(SolutionConfigurationPlatforms) = preSolution
		Debug|Any CPU = Debug|Any CPU
		Release|Any CPU = Release|Any CPU
	EndGlobalSection
	GlobalSection(ProjectConfigurationPlatforms) = postSolution
		{D9ACF2DA-19EF-4D0C-8E42-88370AD06D4C}.Debug|Any CPU.ActiveCfg = Debug|Any CPU
		{D9ACF2DA-19EF-4D0C-8E42-88370AD06D4C}.Debug|Any CPU.Build.0 = Debug|Any CPU
		{D9ACF2DA-19EF-4D0C-8E42-88370AD06D4C}.Release|Any CPU.ActiveCfg = Release|Any CPU
		{D9ACF2DA-19EF-4D0C-8E42-88370AD06D4C}.Release|Any CPU.Build.0 = Release|Any CPU
	EndGlobalSection
	GlobalSection(SolutionProperties) = preSolution
		HideSolutionNode = FALSE
	EndGlobalSection
	GlobalSection(ExtensibilityGlobals) = postSolution
		SolutionGuid = {92D73E2B-02E2-436F-934B-A2514E26F46F}
	EndGlobalSection
EndGlobal
